// !$*UTF8*$!
{
	archiveVersion = 1;
	classes = {
	};
	objectVersion = 50;
	objects = {

/* Begin PBXBuildFile section */
		1811A245207EE729008CBE64 /* filled_star.png in Resources */ = {isa = PBXBuildFile; fileRef = 1811A244207EE729008CBE64 /* filled_star.png */; };
		1827ACE2208428D600E324A8 /* tvmaze.jpeg in Resources */ = {isa = PBXBuildFile; fileRef = 1827ACE1208428D600E324A8 /* tvmaze.jpeg */; };
		187C6594208125DE00AAA3CD /* movie_placeholder.png in Resources */ = {isa = PBXBuildFile; fileRef = 187C6593208125DE00AAA3CD /* movie_placeholder.png */; };
		187E31D72084E0BE00F2CDAE /* empty_star.png in Resources */ = {isa = PBXBuildFile; fileRef = 187E31D62084E0BE00F2CDAE /* empty_star.png */; };
		18E9BFB4207E7D6C00A17220 /* AppDelegate.swift in Sources */ = {isa = PBXBuildFile; fileRef = 18E9BFB3207E7D6C00A17220 /* AppDelegate.swift */; };
		18E9BFB9207E7D6C00A17220 /* Main.storyboard in Resources */ = {isa = PBXBuildFile; fileRef = 18E9BFB7207E7D6C00A17220 /* Main.storyboard */; };
		18E9BFBB207E7D6F00A17220 /* Assets.xcassets in Resources */ = {isa = PBXBuildFile; fileRef = 18E9BFBA207E7D6F00A17220 /* Assets.xcassets */; };
		18E9BFBE207E7D6F00A17220 /* LaunchScreen.storyboard in Resources */ = {isa = PBXBuildFile; fileRef = 18E9BFBC207E7D6F00A17220 /* LaunchScreen.storyboard */; };
		18E9BFC6207E7E4600A17220 /* ChannelTableViewController.swift in Sources */ = {isa = PBXBuildFile; fileRef = 18E9BFC5207E7E4600A17220 /* ChannelTableViewController.swift */; };
		18E9BFD0207E7F6700A17220 /* ChannelCell.swift in Sources */ = {isa = PBXBuildFile; fileRef = 18E9BFCE207E7F6700A17220 /* ChannelCell.swift */; };
		18E9BFD1207E7F6700A17220 /* ChannelCell.xib in Resources */ = {isa = PBXBuildFile; fileRef = 18E9BFCF207E7F6700A17220 /* ChannelCell.xib */; };
		18E9BFD3207E864B00A17220 /* DetailsViewController.swift in Sources */ = {isa = PBXBuildFile; fileRef = 18E9BFD2207E864B00A17220 /* DetailsViewController.swift */; };
		18E9BFD5207E8C1800A17220 /* Channel.swift in Sources */ = {isa = PBXBuildFile; fileRef = 18E9BFD4207E8C1800A17220 /* Channel.swift */; };
		18E9BFDA207E8FC600A17220 /* GetAPIData.swift in Sources */ = {isa = PBXBuildFile; fileRef = 18E9BFD9207E8FC600A17220 /* GetAPIData.swift */; };
		2075581DBA41324E1FB026C5 /* Pods_IngresseChallenge.framework in Frameworks */ = {isa = PBXBuildFile; fileRef = 6CAB2328F58A4D313617C6D4 /* Pods_IngresseChallenge.framework */; };
/* End PBXBuildFile section */

/* Begin PBXFileReference section */
		0AAE818EE03FBC61436D56D4 /* Pods-IngresseChallenge.release.xcconfig */ = {isa = PBXFileReference; includeInIndex = 1; lastKnownFileType = text.xcconfig; name = "Pods-IngresseChallenge.release.xcconfig"; path = "Pods/Target Support Files/Pods-IngresseChallenge/Pods-IngresseChallenge.release.xcconfig"; sourceTree = "<group>"; };
		1811A244207EE729008CBE64 /* filled_star.png */ = {isa = PBXFileReference; lastKnownFileType = image.png; path = filled_star.png; sourceTree = "<group>"; };
		1827ACE1208428D600E324A8 /* tvmaze.jpeg */ = {isa = PBXFileReference; lastKnownFileType = image.jpeg; path = tvmaze.jpeg; sourceTree = "<group>"; };
		187C6593208125DE00AAA3CD /* movie_placeholder.png */ = {isa = PBXFileReference; lastKnownFileType = image.png; path = movie_placeholder.png; sourceTree = "<group>"; };
		187E31D62084E0BE00F2CDAE /* empty_star.png */ = {isa = PBXFileReference; lastKnownFileType = image.png; path = empty_star.png; sourceTree = "<group>"; };
		18E9BFB0207E7D6C00A17220 /* IngresseChallenge.app */ = {isa = PBXFileReference; explicitFileType = wrapper.application; includeInIndex = 0; path = IngresseChallenge.app; sourceTree = BUILT_PRODUCTS_DIR; };
		18E9BFB3207E7D6C00A17220 /* AppDelegate.swift */ = {isa = PBXFileReference; lastKnownFileType = sourcecode.swift; path = AppDelegate.swift; sourceTree = "<group>"; };
		18E9BFB8207E7D6C00A17220 /* Base */ = {isa = PBXFileReference; lastKnownFileType = file.storyboard; name = Base; path = Base.lproj/Main.storyboard; sourceTree = "<group>"; };
		18E9BFBA207E7D6F00A17220 /* Assets.xcassets */ = {isa = PBXFileReference; lastKnownFileType = folder.assetcatalog; path = Assets.xcassets; sourceTree = "<group>"; };
		18E9BFBD207E7D6F00A17220 /* Base */ = {isa = PBXFileReference; lastKnownFileType = file.storyboard; name = Base; path = Base.lproj/LaunchScreen.storyboard; sourceTree = "<group>"; };
		18E9BFBF207E7D6F00A17220 /* Info.plist */ = {isa = PBXFileReference; lastKnownFileType = text.plist.xml; path = Info.plist; sourceTree = "<group>"; };
		18E9BFC5207E7E4600A17220 /* ChannelTableViewController.swift */ = {isa = PBXFileReference; lastKnownFileType = sourcecode.swift; path = ChannelTableViewController.swift; sourceTree = "<group>"; };
		18E9BFCE207E7F6700A17220 /* ChannelCell.swift */ = {isa = PBXFileReference; lastKnownFileType = sourcecode.swift; path = ChannelCell.swift; sourceTree = "<group>"; };
		18E9BFCF207E7F6700A17220 /* ChannelCell.xib */ = {isa = PBXFileReference; lastKnownFileType = file.xib; path = ChannelCell.xib; sourceTree = "<group>"; };
		18E9BFD2207E864B00A17220 /* DetailsViewController.swift */ = {isa = PBXFileReference; lastKnownFileType = sourcecode.swift; path = DetailsViewController.swift; sourceTree = "<group>"; };
		18E9BFD4207E8C1800A17220 /* Channel.swift */ = {isa = PBXFileReference; lastKnownFileType = sourcecode.swift; path = Channel.swift; sourceTree = "<group>"; };
		18E9BFD9207E8FC600A17220 /* GetAPIData.swift */ = {isa = PBXFileReference; fileEncoding = 4; lastKnownFileType = sourcecode.swift; path = GetAPIData.swift; sourceTree = "<group>"; };
		6CAB2328F58A4D313617C6D4 /* Pods_IngresseChallenge.framework */ = {isa = PBXFileReference; explicitFileType = wrapper.framework; includeInIndex = 0; path = Pods_IngresseChallenge.framework; sourceTree = BUILT_PRODUCTS_DIR; };
		FA3881F86776580E731AFFDB /* Pods-IngresseChallenge.debug.xcconfig */ = {isa = PBXFileReference; includeInIndex = 1; lastKnownFileType = text.xcconfig; name = "Pods-IngresseChallenge.debug.xcconfig"; path = "Pods/Target Support Files/Pods-IngresseChallenge/Pods-IngresseChallenge.debug.xcconfig"; sourceTree = "<group>"; };
/* End PBXFileReference section */

/* Begin PBXFrameworksBuildPhase section */
		18E9BFAD207E7D6C00A17220 /* Frameworks */ = {
			isa = PBXFrameworksBuildPhase;
			buildActionMask = 2147483647;
			files = (
				2075581DBA41324E1FB026C5 /* Pods_IngresseChallenge.framework in Frameworks */,
			);
			runOnlyForDeploymentPostprocessing = 0;
		};
/* End PBXFrameworksBuildPhase section */

/* Begin PBXGroup section */
		0FEEAA62DBDFB375A7B9252E /* Frameworks */ = {
			isa = PBXGroup;
			children = (
				6CAB2328F58A4D313617C6D4 /* Pods_IngresseChallenge.framework */,
			);
			name = Frameworks;
			sourceTree = "<group>";
		};
		18E9BFA7207E7D6C00A17220 = {
			isa = PBXGroup;
			children = (
				18E9BFB2207E7D6C00A17220 /* IngresseChallenge */,
				18E9BFB1207E7D6C00A17220 /* Products */,
				BFD7395F7B3E659FE13CE459 /* Pods */,
				0FEEAA62DBDFB375A7B9252E /* Frameworks */,
			);
			sourceTree = "<group>";
		};
		18E9BFB1207E7D6C00A17220 /* Products */ = {
			isa = PBXGroup;
			children = (
				18E9BFB0207E7D6C00A17220 /* IngresseChallenge.app */,
			);
			name = Products;
			sourceTree = "<group>";
		};
		18E9BFB2207E7D6C00A17220 /* IngresseChallenge */ = {
			isa = PBXGroup;
			children = (
				18E9BFD6207E8D7D00A17220 /* Model */,
				18E9BFDB207E8FCB00A17220 /* Gateway */,
				18E9BFCC207E7EAA00A17220 /* Controller */,
				18E9BFCB207E7EA300A17220 /* View */,
				18E9BFCD207E7EBB00A17220 /* Support Files */,
			);
			path = IngresseChallenge;
			sourceTree = "<group>";
		};
		18E9BFCB207E7EA300A17220 /* View */ = {
			isa = PBXGroup;
			children = (
				18E9BFB7207E7D6C00A17220 /* Main.storyboard */,
				18E9BFCF207E7F6700A17220 /* ChannelCell.xib */,
				18E9BFBC207E7D6F00A17220 /* LaunchScreen.storyboard */,
			);
			path = View;
			sourceTree = "<group>";
		};
		18E9BFCC207E7EAA00A17220 /* Controller */ = {
			isa = PBXGroup;
			children = (
				18E9BFC5207E7E4600A17220 /* ChannelTableViewController.swift */,
				18E9BFCE207E7F6700A17220 /* ChannelCell.swift */,
				18E9BFD2207E864B00A17220 /* DetailsViewController.swift */,
			);
			path = Controller;
			sourceTree = "<group>";
		};
		18E9BFCD207E7EBB00A17220 /* Support Files */ = {
			isa = PBXGroup;
			children = (
				18E9BFBA207E7D6F00A17220 /* Assets.xcassets */,
				1827ACE1208428D600E324A8 /* tvmaze.jpeg */,
				187C6593208125DE00AAA3CD /* movie_placeholder.png */,
				1811A244207EE729008CBE64 /* filled_star.png */,
				187E31D62084E0BE00F2CDAE /* empty_star.png */,
				18E9BFB3207E7D6C00A17220 /* AppDelegate.swift */,
				18E9BFBF207E7D6F00A17220 /* Info.plist */,
			);
			path = "Support Files";
			sourceTree = "<group>";
		};
		18E9BFD6207E8D7D00A17220 /* Model */ = {
			isa = PBXGroup;
			children = (
				18E9BFD4207E8C1800A17220 /* Channel.swift */,
			);
			path = Model;
			sourceTree = "<group>";
		};
		18E9BFDB207E8FCB00A17220 /* Gateway */ = {
			isa = PBXGroup;
			children = (
				18E9BFD9207E8FC600A17220 /* GetAPIData.swift */,
			);
			path = Gateway;
			sourceTree = "<group>";
		};
		BFD7395F7B3E659FE13CE459 /* Pods */ = {
			isa = PBXGroup;
			children = (
				FA3881F86776580E731AFFDB /* Pods-IngresseChallenge.debug.xcconfig */,
				0AAE818EE03FBC61436D56D4 /* Pods-IngresseChallenge.release.xcconfig */,
			);
			name = Pods;
			sourceTree = "<group>";
		};
/* End PBXGroup section */

/* Begin PBXNativeTarget section */
		18E9BFAF207E7D6C00A17220 /* IngresseChallenge */ = {
			isa = PBXNativeTarget;
			buildConfigurationList = 18E9BFC2207E7D6F00A17220 /* Build configuration list for PBXNativeTarget "IngresseChallenge" */;
			buildPhases = (
				7D7698C95789B3D11792D324 /* [CP] Check Pods Manifest.lock */,
				18E9BFAC207E7D6C00A17220 /* Sources */,
				18E9BFAD207E7D6C00A17220 /* Frameworks */,
				18E9BFAE207E7D6C00A17220 /* Resources */,
				FFC0FE61F7CA4FA2250618E6 /* [CP] Embed Pods Frameworks */,
				C22A4AFA003EDB7DDDB701A9 /* [CP] Copy Pods Resources */,
			);
			buildRules = (
			);
			dependencies = (
			);
			name = IngresseChallenge;
			productName = IngresseChallenge;
			productReference = 18E9BFB0207E7D6C00A17220 /* IngresseChallenge.app */;
			productType = "com.apple.product-type.application";
		};
/* End PBXNativeTarget section */

/* Begin PBXProject section */
		18E9BFA8207E7D6C00A17220 /* Project object */ = {
			isa = PBXProject;
			attributes = {
				LastSwiftUpdateCheck = 0930;
				LastUpgradeCheck = 0930;
				ORGANIZATIONNAME = lccj;
				TargetAttributes = {
					18E9BFAF207E7D6C00A17220 = {
						CreatedOnToolsVersion = 9.3;
					};
				};
			};
			buildConfigurationList = 18E9BFAB207E7D6C00A17220 /* Build configuration list for PBXProject "IngresseChallenge" */;
			compatibilityVersion = "Xcode 9.3";
			developmentRegion = en;
			hasScannedForEncodings = 0;
			knownRegions = (
				en,
				Base,
			);
			mainGroup = 18E9BFA7207E7D6C00A17220;
			productRefGroup = 18E9BFB1207E7D6C00A17220 /* Products */;
			projectDirPath = "";
			projectRoot = "";
			targets = (
				18E9BFAF207E7D6C00A17220 /* IngresseChallenge */,
			);
		};
/* End PBXProject section */

/* Begin PBXResourcesBuildPhase section */
		18E9BFAE207E7D6C00A17220 /* Resources */ = {
			isa = PBXResourcesBuildPhase;
			buildActionMask = 2147483647;
			files = (
				18E9BFBE207E7D6F00A17220 /* LaunchScreen.storyboard in Resources */,
				187E31D72084E0BE00F2CDAE /* empty_star.png in Resources */,
				18E9BFD1207E7F6700A17220 /* ChannelCell.xib in Resources */,
				187C6594208125DE00AAA3CD /* movie_placeholder.png in Resources */,
				18E9BFBB207E7D6F00A17220 /* Assets.xcassets in Resources */,
				1811A245207EE729008CBE64 /* filled_star.png in Resources */,
				1827ACE2208428D600E324A8 /* tvmaze.jpeg in Resources */,
				18E9BFB9207E7D6C00A17220 /* Main.storyboard in Resources */,
			);
			runOnlyForDeploymentPostprocessing = 0;
		};
/* End PBXResourcesBuildPhase section */

/* Begin PBXShellScriptBuildPhase section */
		7D7698C95789B3D11792D324 /* [CP] Check Pods Manifest.lock */ = {
			isa = PBXShellScriptBuildPhase;
			buildActionMask = 2147483647;
			files = (
			);
			inputPaths = (
				"${PODS_PODFILE_DIR_PATH}/Podfile.lock",
				"${PODS_ROOT}/Manifest.lock",
			);
			name = "[CP] Check Pods Manifest.lock";
			outputPaths = (
				"$(DERIVED_FILE_DIR)/Pods-IngresseChallenge-checkManifestLockResult.txt",
			);
			runOnlyForDeploymentPostprocessing = 0;
			shellPath = /bin/sh;
			shellScript = "diff \"${PODS_PODFILE_DIR_PATH}/Podfile.lock\" \"${PODS_ROOT}/Manifest.lock\" > /dev/null\nif [ $? != 0 ] ; then\n    # print error to STDERR\n    echo \"error: The sandbox is not in sync with the Podfile.lock. Run 'pod install' or update your CocoaPods installation.\" >&2\n    exit 1\nfi\n# This output is used by Xcode 'outputs' to avoid re-running this script phase.\necho \"SUCCESS\" > \"${SCRIPT_OUTPUT_FILE_0}\"\n";
			showEnvVarsInLog = 0;
		};
		C22A4AFA003EDB7DDDB701A9 /* [CP] Copy Pods Resources */ = {
			isa = PBXShellScriptBuildPhase;
			buildActionMask = 2147483647;
			files = (
			);
			inputPaths = (
			);
			name = "[CP] Copy Pods Resources";
			outputPaths = (
			);
			runOnlyForDeploymentPostprocessing = 0;
			shellPath = /bin/sh;
			shellScript = "\"${SRCROOT}/Pods/Target Support Files/Pods-IngresseChallenge/Pods-IngresseChallenge-resources.sh\"\n";
			showEnvVarsInLog = 0;
		};
		FFC0FE61F7CA4FA2250618E6 /* [CP] Embed Pods Frameworks */ = {
			isa = PBXShellScriptBuildPhase;
			buildActionMask = 2147483647;
			files = (
			);
			inputPaths = (
				"${SRCROOT}/Pods/Target Support Files/Pods-IngresseChallenge/Pods-IngresseChallenge-frameworks.sh",
				"${BUILT_PRODUCTS_DIR}/Alamofire/Alamofire.framework",
				"${BUILT_PRODUCTS_DIR}/AlamofireImage/AlamofireImage.framework",
				"${BUILT_PRODUCTS_DIR}/SVProgressHUD/SVProgressHUD.framework",
			);
			name = "[CP] Embed Pods Frameworks";
			outputPaths = (
				"${TARGET_BUILD_DIR}/${FRAMEWORKS_FOLDER_PATH}/Alamofire.framework",
				"${TARGET_BUILD_DIR}/${FRAMEWORKS_FOLDER_PATH}/AlamofireImage.framework",
				"${TARGET_BUILD_DIR}/${FRAMEWORKS_FOLDER_PATH}/SVProgressHUD.framework",
			);
			runOnlyForDeploymentPostprocessing = 0;
			shellPath = /bin/sh;
			shellScript = "\"${SRCROOT}/Pods/Target Support Files/Pods-IngresseChallenge/Pods-IngresseChallenge-frameworks.sh\"\n";
			showEnvVarsInLog = 0;
		};
/* End PBXShellScriptBuildPhase section */

/* Begin PBXSourcesBuildPhase section */
		18E9BFAC207E7D6C00A17220 /* Sources */ = {
			isa = PBXSourcesBuildPhase;
			buildActionMask = 2147483647;
			files = (
				18E9BFC6207E7E4600A17220 /* ChannelTableViewController.swift in Sources */,
				18E9BFD5207E8C1800A17220 /* Channel.swift in Sources */,
				18E9BFD0207E7F6700A17220 /* ChannelCell.swift in Sources */,
				18E9BFDA207E8FC600A17220 /* GetAPIData.swift in Sources */,
				18E9BFB4207E7D6C00A17220 /* AppDelegate.swift in Sources */,
				18E9BFD3207E864B00A17220 /* DetailsViewController.swift in Sources */,
			);
			runOnlyForDeploymentPostprocessing = 0;
		};
/* End PBXSourcesBuildPhase section */

/* Begin PBXVariantGroup section */
		18E9BFB7207E7D6C00A17220 /* Main.storyboard */ = {
			isa = PBXVariantGroup;
			children = (
				18E9BFB8207E7D6C00A17220 /* Base */,
			);
			name = Main.storyboard;
			sourceTree = "<group>";
		};
		18E9BFBC207E7D6F00A17220 /* LaunchScreen.storyboard */ = {
			isa = PBXVariantGroup;
			children = (
				18E9BFBD207E7D6F00A17220 /* Base */,
			);
			name = LaunchScreen.storyboard;
			sourceTree = "<group>";
		};
/* End PBXVariantGroup section */

/* Begin XCBuildConfiguration section */
		18E9BFC0207E7D6F00A17220 /* Debug */ = {
			isa = XCBuildConfiguration;
			buildSettings = {
				ALWAYS_SEARCH_USER_PATHS = NO;
				CLANG_ANALYZER_NONNULL = YES;
				CLANG_ANALYZER_NUMBER_OBJECT_CONVERSION = YES_AGGRESSIVE;
				CLANG_CXX_LANGUAGE_STANDARD = "gnu++14";
				CLANG_CXX_LIBRARY = "libc++";
				CLANG_ENABLE_MODULES = YES;
				CLANG_ENABLE_OBJC_ARC = YES;
				CLANG_ENABLE_OBJC_WEAK = YES;
				CLANG_WARN_BLOCK_CAPTURE_AUTORELEASING = YES;
				CLANG_WARN_BOOL_CONVERSION = YES;
				CLANG_WARN_COMMA = YES;
				CLANG_WARN_CONSTANT_CONVERSION = YES;
				CLANG_WARN_DEPRECATED_OBJC_IMPLEMENTATIONS = YES;
				CLANG_WARN_DIRECT_OBJC_ISA_USAGE = YES_ERROR;
				CLANG_WARN_DOCUMENTATION_COMMENTS = YES;
				CLANG_WARN_EMPTY_BODY = YES;
				CLANG_WARN_ENUM_CONVERSION = YES;
				CLANG_WARN_INFINITE_RECURSION = YES;
				CLANG_WARN_INT_CONVERSION = YES;
				CLANG_WARN_NON_LITERAL_NULL_CONVERSION = YES;
				CLANG_WARN_OBJC_IMPLICIT_RETAIN_SELF = YES;
				CLANG_WARN_OBJC_LITERAL_CONVERSION = YES;
				CLANG_WARN_OBJC_ROOT_CLASS = YES_ERROR;
				CLANG_WARN_RANGE_LOOP_ANALYSIS = YES;
				CLANG_WARN_STRICT_PROTOTYPES = YES;
				CLANG_WARN_SUSPICIOUS_MOVE = YES;
				CLANG_WARN_UNGUARDED_AVAILABILITY = YES_AGGRESSIVE;
				CLANG_WARN_UNREACHABLE_CODE = YES;
				CLANG_WARN__DUPLICATE_METHOD_MATCH = YES;
				CODE_SIGN_IDENTITY = "iPhone Developer";
				COPY_PHASE_STRIP = NO;
				DEBUG_INFORMATION_FORMAT = dwarf;
				ENABLE_STRICT_OBJC_MSGSEND = YES;
				ENABLE_TESTABILITY = YES;
				GCC_C_LANGUAGE_STANDARD = gnu11;
				GCC_DYNAMIC_NO_PIC = NO;
				GCC_NO_COMMON_BLOCKS = YES;
				GCC_OPTIMIZATION_LEVEL = 0;
				GCC_PREPROCESSOR_DEFINITIONS = (
					"DEBUG=1",
					"$(inherited)",
				);
				GCC_WARN_64_TO_32_BIT_CONVERSION = YES;
				GCC_WARN_ABOUT_RETURN_TYPE = YES_ERROR;
				GCC_WARN_UNDECLARED_SELECTOR = YES;
				GCC_WARN_UNINITIALIZED_AUTOS = YES_AGGRESSIVE;
				GCC_WARN_UNUSED_FUNCTION = YES;
				GCC_WARN_UNUSED_VARIABLE = YES;
				IPHONEOS_DEPLOYMENT_TARGET = 11.3;
				MTL_ENABLE_DEBUG_INFO = YES;
				ONLY_ACTIVE_ARCH = YES;
				SDKROOT = iphoneos;
				SWIFT_ACTIVE_COMPILATION_CONDITIONS = DEBUG;
				SWIFT_OPTIMIZATION_LEVEL = "-Onone";
			};
			name = Debug;
		};
		18E9BFC1207E7D6F00A17220 /* Release */ = {
			isa = XCBuildConfiguration;
			buildSettings = {
				ALWAYS_SEARCH_USER_PATHS = NO;
				CLANG_ANALYZER_NONNULL = YES;
				CLANG_ANALYZER_NUMBER_OBJECT_CONVERSION = YES_AGGRESSIVE;
				CLANG_CXX_LANGUAGE_STANDARD = "gnu++14";
				CLANG_CXX_LIBRARY = "libc++";
				CLANG_ENABLE_MODULES = YES;
				CLANG_ENABLE_OBJC_ARC = YES;
				CLANG_ENABLE_OBJC_WEAK = YES;
				CLANG_WARN_BLOCK_CAPTURE_AUTORELEASING = YES;
				CLANG_WARN_BOOL_CONVERSION = YES;
				CLANG_WARN_COMMA = YES;
				CLANG_WARN_CONSTANT_CONVERSION = YES;
				CLANG_WARN_DEPRECATED_OBJC_IMPLEMENTATIONS = YES;
				CLANG_WARN_DIRECT_OBJC_ISA_USAGE = YES_ERROR;
				CLANG_WARN_DOCUMENTATION_COMMENTS = YES;
				CLANG_WARN_EMPTY_BODY = YES;
				CLANG_WARN_ENUM_CONVERSION = YES;
				CLANG_WARN_INFINITE_RECURSION = YES;
				CLANG_WARN_INT_CONVERSION = YES;
				CLANG_WARN_NON_LITERAL_NULL_CONVERSION = YES;
				CLANG_WARN_OBJC_IMPLICIT_RETAIN_SELF = YES;
				CLANG_WARN_OBJC_LITERAL_CONVERSION = YES;
				CLANG_WARN_OBJC_ROOT_CLASS = YES_ERROR;
				CLANG_WARN_RANGE_LOOP_ANALYSIS = YES;
				CLANG_WARN_STRICT_PROTOTYPES = YES;
				CLANG_WARN_SUSPICIOUS_MOVE = YES;
				CLANG_WARN_UNGUARDED_AVAILABILITY = YES_AGGRESSIVE;
				CLANG_WARN_UNREACHABLE_CODE = YES;
				CLANG_WARN__DUPLICATE_METHOD_MATCH = YES;
				CODE_SIGN_IDENTITY = "iPhone Developer";
				COPY_PHASE_STRIP = NO;
				DEBUG_INFORMATION_FORMAT = "dwarf-with-dsym";
				ENABLE_NS_ASSERTIONS = NO;
				ENABLE_STRICT_OBJC_MSGSEND = YES;
				GCC_C_LANGUAGE_STANDARD = gnu11;
				GCC_NO_COMMON_BLOCKS = YES;
				GCC_WARN_64_TO_32_BIT_CONVERSION = YES;
				GCC_WARN_ABOUT_RETURN_TYPE = YES_ERROR;
				GCC_WARN_UNDECLARED_SELECTOR = YES;
				GCC_WARN_UNINITIALIZED_AUTOS = YES_AGGRESSIVE;
				GCC_WARN_UNUSED_FUNCTION = YES;
				GCC_WARN_UNUSED_VARIABLE = YES;
				IPHONEOS_DEPLOYMENT_TARGET = 11.3;
				MTL_ENABLE_DEBUG_INFO = NO;
				SDKROOT = iphoneos;
				SWIFT_COMPILATION_MODE = wholemodule;
				SWIFT_OPTIMIZATION_LEVEL = "-O";
				VALIDATE_PRODUCT = YES;
			};
			name = Release;
		};
		18E9BFC3207E7D6F00A17220 /* Debug */ = {
			isa = XCBuildConfiguration;
			baseConfigurationReference = FA3881F86776580E731AFFDB /* Pods-IngresseChallenge.debug.xcconfig */;
			buildSettings = {
				ASSETCATALOG_COMPILER_APPICON_NAME = AppIcon;
				CODE_SIGN_STYLE = Automatic;
				INFOPLIST_FILE = "$(SRCROOT)/IngresseChallenge/Support Files/Info.plist";
				LD_RUNPATH_SEARCH_PATHS = (
					"$(inherited)",
					"@executable_path/Frameworks",
				);
				PRODUCT_BUNDLE_IDENTIFIER = lccj.IngresseChallenge;
				PRODUCT_NAME = "$(TARGET_NAME)";
				SWIFT_VERSION = 4.0;
				TARGETED_DEVICE_FAMILY = "1,2";
			};
			name = Debug;
		};
		18E9BFC4207E7D6F00A17220 /* Release */ = {
			isa = XCBuildConfiguration;
			baseConfigurationReference = 0AAE818EE03FBC61436D56D4 /* Pods-IngresseChallenge.release.xcconfig */;
			buildSettings = {
				ASSETCATALOG_COMPILER_APPICON_NAME = AppIcon;
				CODE_SIGN_STYLE = Automatic;
				INFOPLIST_FILE = "$(SRCROOT)/IngresseChallenge/Support Files/Info.plist";
				LD_RUNPATH_SEARCH_PATHS = (
					"$(inherited)",
					"@executable_path/Frameworks",
				);
				PRODUCT_BUNDLE_IDENTIFIER = lccj.IngresseChallenge;
				PRODUCT_NAME = "$(TARGET_NAME)";
				SWIFT_VERSION = 4.0;
				TARGETED_DEVICE_FAMILY = "1,2";
			};
			name = Release;
		};
/* End XCBuildConfiguration section */

/* Begin XCConfigurationList section */
		18E9BFAB207E7D6C00A17220 /* Build configuration list for PBXProject "IngresseChallenge" */ = {
			isa = XCConfigurationList;
			buildConfigurations = (
				18E9BFC0207E7D6F00A17220 /* Debug */,
				18E9BFC1207E7D6F00A17220 /* Release */,
			);
			defaultConfigurationIsVisible = 0;
			defaultConfigurationName = Release;
		};
		18E9BFC2207E7D6F00A17220 /* Build configuration list for PBXNativeTarget "IngresseChallenge" */ = {
			isa = XCConfigurationList;
			buildConfigurations = (
				18E9BFC3207E7D6F00A17220 /* Debug */,
				18E9BFC4207E7D6F00A17220 /* Release */,
			);
			defaultConfigurationIsVisible = 0;
			defaultConfigurationName = Release;
		};
/* End XCConfigurationList section */
	};
	rootObject = 18E9BFA8207E7D6C00A17220 /* Project object */;
}
